
Microsoft Visual Studio Solution File, Format Version 12.00
# Visual Studio 14
VisualStudioVersion = 14.0.25420.1
MinimumVisualStudioVersion = 10.0.40219.1
Project("{FAE04EC0-301F-11D3-BF4B-00C04F79EFBC}") = "ForeignExchange2.Android", "ForeignExchange2\ForeignExchange2.Android\ForeignExchange2.Android.csproj", "{39299DD8-9AC8-47DC-8920-DB4B10CA2573}"
EndProject
Project("{FAE04EC0-301F-11D3-BF4B-00C04F79EFBC}") = "ForeignExchange2", "ForeignExchange2\ForeignExchange2\ForeignExchange2.csproj", "{1D6523C6-9D1F-4539-8B00-3D2443A91E91}"
EndProject
Project("{FAE04EC0-301F-11D3-BF4B-00C04F79EFBC}") = "ForeignExchange2.UWP", "ForeignExchange2\ForeignExchange2.UWP\ForeignExchange2.UWP.csproj", "{6A712B25-3ECC-4215-978B-BCC251122701}"
EndProject
Project("{FAE04EC0-301F-11D3-BF4B-00C04F79EFBC}") = "ForeignExchange2.iOS", "ForeignExchange2\ForeignExchange2.iOS\ForeignExchange2.iOS.csproj", "{2277DDCE-C409-4E7A-80C4-60E0EB4CADAE}"
EndProject
Global
	GlobalSection(SolutionConfigurationPlatforms) = preSolution
		Ad-Hoc|Any CPU = Ad-Hoc|Any CPU
		Ad-Hoc|ARM = Ad-Hoc|ARM
		Ad-Hoc|iPhone = Ad-Hoc|iPhone
		Ad-Hoc|iPhoneSimulator = Ad-Hoc|iPhoneSimulator
		Ad-Hoc|x64 = Ad-Hoc|x64
		Ad-Hoc|x86 = Ad-Hoc|x86
		AppStore|Any CPU = AppStore|Any CPU
		AppStore|ARM = AppStore|ARM
		AppStore|iPhone = AppStore|iPhone
		AppStore|iPhoneSimulator = AppStore|iPhoneSimulator
		AppStore|x64 = AppStore|x64
		AppStore|x86 = AppStore|x86
		Debug|Any CPU = Debug|Any CPU
		Debug|ARM = Debug|ARM
		Debug|iPhone = Debug|iPhone
		Debug|iPhoneSimulator = Debug|iPhoneSimulator
		Debug|x64 = Debug|x64
		Debug|x86 = Debug|x86
		Release|Any CPU = Release|Any CPU
		Release|ARM = Release|ARM
		Release|iPhone = Release|iPhone
		Release|iPhoneSimulator = Release|iPhoneSimulator
		Release|x64 = Release|x64
		Release|x86 = Release|x86
	EndGlobalSection
	GlobalSection(ProjectConfigurationPlatforms) = postSolution
		{39299DD8-9AC8-47DC-8920-DB4B10CA2573}.Ad-Hoc|Any CPU.ActiveCfg = Release|Any CPU
		{39299DD8-9AC8-47DC-8920-DB4B10CA2573}.Ad-Hoc|Any CPU.Build.0 = Release|Any CPU
		{39299DD8-9AC8-47DC-8920-DB4B10CA2573}.Ad-Hoc|Any CPU.Deploy.0 = Release|Any CPU
		{39299DD8-9AC8-47DC-8920-DB4B10CA2573}.Ad-Hoc|ARM.ActiveCfg = Release|Any CPU
		{39299DD8-9AC8-47DC-8920-DB4B10CA2573}.Ad-Hoc|ARM.Build.0 = Release|Any CPU
		{39299DD8-9AC8-47DC-8920-DB4B10CA2573}.Ad-Hoc|ARM.Deploy.0 = Release|Any CPU
		{39299DD8-9AC8-47DC-8920-DB4B10CA2573}.Ad-Hoc|iPhone.ActiveCfg = Release|Any CPU
		{39299DD8-9AC8-47DC-8920-DB4B10CA2573}.Ad-Hoc|iPhone.Build.0 = Release|Any CPU
		{39299DD8-9AC8-47DC-8920-DB4B10CA2573}.Ad-Hoc|iPhone.Deploy.0 = Release|Any CPU
		{39299DD8-9AC8-47DC-8920-DB4B10CA2573}.Ad-Hoc|iPhoneSimulator.ActiveCfg = Release|Any CPU
		{39299DD8-9AC8-47DC-8920-DB4B10CA2573}.Ad-Hoc|iPhoneSimulator.Build.0 = Release|Any CPU
		{39299DD8-9AC8-47DC-8920-DB4B10CA2573}.Ad-Hoc|iPhoneSimulator.Deploy.0 = Release|Any CPU
		{39299DD8-9AC8-47DC-8920-DB4B10CA2573}.Ad-Hoc|x64.ActiveCfg = Release|Any CPU
		{39299DD8-9AC8-47DC-8920-DB4B10CA2573}.Ad-Hoc|x64.Build.0 = Release|Any CPU
		{39299DD8-9AC8-47DC-8920-DB4B10CA2573}.Ad-Hoc|x64.Deploy.0 = Release|Any CPU
		{39299DD8-9AC8-47DC-8920-DB4B10CA2573}.Ad-Hoc|x86.ActiveCfg = Release|Any CPU
		{39299DD8-9AC8-47DC-8920-DB4B10CA2573}.Ad-Hoc|x86.Build.0 = Release|Any CPU
		{39299DD8-9AC8-47DC-8920-DB4B10CA2573}.Ad-Hoc|x86.Deploy.0 = Release|Any CPU
		{39299DD8-9AC8-47DC-8920-DB4B10CA2573}.AppStore|Any CPU.ActiveCfg = Release|Any CPU
		{39299DD8-9AC8-47DC-8920-DB4B10CA2573}.AppStore|Any CPU.Build.0 = Release|Any CPU
		{39299DD8-9AC8-47DC-8920-DB4B10CA2573}.AppStore|Any CPU.Deploy.0 = Release|Any CPU
		{39299DD8-9AC8-47DC-8920-DB4B10CA2573}.AppStore|ARM.ActiveCfg = Release|Any CPU
		{39299DD8-9AC8-47DC-8920-DB4B10CA2573}.AppStore|ARM.Build.0 = Release|Any CPU
		{39299DD8-9AC8-47DC-8920-DB4B10CA2573}.AppStore|ARM.Deploy.0 = Release|Any CPU
		{39299DD8-9AC8-47DC-8920-DB4B10CA2573}.AppStore|iPhone.ActiveCfg = Release|Any CPU
		{39299DD8-9AC8-47DC-8920-DB4B10CA2573}.AppStore|iPhone.Build.0 = Release|Any CPU
		{39299DD8-9AC8-47DC-8920-DB4B10CA2573}.AppStore|iPhone.Deploy.0 = Release|Any CPU
		{39299DD8-9AC8-47DC-8920-DB4B10CA2573}.AppStore|iPhoneSimulator.ActiveCfg = Release|Any CPU
		{39299DD8-9AC8-47DC-8920-DB4B10CA2573}.AppStore|iPhoneSimulator.Build.0 = Release|Any CPU
		{39299DD8-9AC8-47DC-8920-DB4B10CA2573}.AppStore|iPhoneSimulator.Deploy.0 = Release|Any CPU
		{39299DD8-9AC8-47DC-8920-DB4B10CA2573}.AppStore|x64.ActiveCfg = Release|Any CPU
		{39299DD8-9AC8-47DC-8920-DB4B10CA2573}.AppStore|x64.Build.0 = Release|Any CPU
		{39299DD8-9AC8-47DC-8920-DB4B10CA2573}.AppStore|x64.Deploy.0 = Release|Any CPU
		{39299DD8-9AC8-47DC-8920-DB4B10CA2573}.AppStore|x86.ActiveCfg = Release|Any CPU
		{39299DD8-9AC8-47DC-8920-DB4B10CA2573}.AppStore|x86.Build.0 = Release|Any CPU
		{39299DD8-9AC8-47DC-8920-DB4B10CA2573}.AppStore|x86.Deploy.0 = Release|Any CPU
		{39299DD8-9AC8-47DC-8920-DB4B10CA2573}.Debug|Any CPU.ActiveCfg = Debug|Any CPU
		{39299DD8-9AC8-47DC-8920-DB4B10CA2573}.Debug|Any CPU.Build.0 = Debug|Any CPU
		{39299DD8-9AC8-47DC-8920-DB4B10CA2573}.Debug|Any CPU.Deploy.0 = Debug|Any CPU
		{39299DD8-9AC8-47DC-8920-DB4B10CA2573}.Debug|ARM.ActiveCfg = Debug|Any CPU
		{39299DD8-9AC8-47DC-8920-DB4B10CA2573}.Debug|ARM.Build.0 = Debug|Any CPU
		{39299DD8-9AC8-47DC-8920-DB4B10CA2573}.Debug|ARM.Deploy.0 = Debug|Any CPU
		{39299DD8-9AC8-47DC-8920-DB4B10CA2573}.Debug|iPhone.ActiveCfg = Debug|Any CPU
		{39299DD8-9AC8-47DC-8920-DB4B10CA2573}.Debug|iPhone.Build.0 = Debug|Any CPU
		{39299DD8-9AC8-47DC-8920-DB4B10CA2573}.Debug|iPhone.Deploy.0 = Debug|Any CPU
		{39299DD8-9AC8-47DC-8920-DB4B10CA2573}.Debug|iPhoneSimulator.ActiveCfg = Debug|Any CPU
		{39299DD8-9AC8-47DC-8920-DB4B10CA2573}.Debug|iPhoneSimulator.Build.0 = Debug|Any CPU
		{39299DD8-9AC8-47DC-8920-DB4B10CA2573}.Debug|iPhoneSimulator.Deploy.0 = Debug|Any CPU
		{39299DD8-9AC8-47DC-8920-DB4B10CA2573}.Debug|x64.ActiveCfg = Debug|Any CPU
		{39299DD8-9AC8-47DC-8920-DB4B10CA2573}.Debug|x64.Build.0 = Debug|Any CPU
		{39299DD8-9AC8-47DC-8920-DB4B10CA2573}.Debug|x64.Deploy.0 = Debug|Any CPU
		{39299DD8-9AC8-47DC-8920-DB4B10CA2573}.Debug|x86.ActiveCfg = Debug|Any CPU
		{39299DD8-9AC8-47DC-8920-DB4B10CA2573}.Debug|x86.Build.0 = Debug|Any CPU
		{39299DD8-9AC8-47DC-8920-DB4B10CA2573}.Debug|x86.Deploy.0 = Debug|Any CPU
		{39299DD8-9AC8-47DC-8920-DB4B10CA2573}.Release|Any CPU.ActiveCfg = Release|Any CPU
		{39299DD8-9AC8-47DC-8920-DB4B10CA2573}.Release|Any CPU.Build.0 = Release|Any CPU
		{39299DD8-9AC8-47DC-8920-DB4B10CA2573}.Release|Any CPU.Deploy.0 = Release|Any CPU
		{39299DD8-9AC8-47DC-8920-DB4B10CA2573}.Release|ARM.ActiveCfg = Release|Any CPU
		{39299DD8-9AC8-47DC-8920-DB4B10CA2573}.Release|ARM.Build.0 = Release|Any CPU
		{39299DD8-9AC8-47DC-8920-DB4B10CA2573}.Release|ARM.Deploy.0 = Release|Any CPU
		{39299DD8-9AC8-47DC-8920-DB4B10CA2573}.Release|iPhone.ActiveCfg = Release|Any CPU
		{39299DD8-9AC8-47DC-8920-DB4B10CA2573}.Release|iPhone.Build.0 = Release|Any CPU
		{39299DD8-9AC8-47DC-8920-DB4B10CA2573}.Release|iPhone.Deploy.0 = Release|Any CPU
		{39299DD8-9AC8-47DC-8920-DB4B10CA2573}.Release|iPhoneSimulator.ActiveCfg = Release|Any CPU
		{39299DD8-9AC8-47DC-8920-DB4B10CA2573}.Release|iPhoneSimulator.Build.0 = Release|Any CPU
		{39299DD8-9AC8-47DC-8920-DB4B10CA2573}.Release|iPhoneSimulator.Deploy.0 = Release|Any CPU
		{39299DD8-9AC8-47DC-8920-DB4B10CA2573}.Release|x64.ActiveCfg = Release|Any CPU
		{39299DD8-9AC8-47DC-8920-DB4B10CA2573}.Release|x64.Build.0 = Release|Any CPU
		{39299DD8-9AC8-47DC-8920-DB4B10CA2573}.Release|x64.Deploy.0 = Release|Any CPU
		{39299DD8-9AC8-47DC-8920-DB4B10CA2573}.Release|x86.ActiveCfg = Release|Any CPU
		{39299DD8-9AC8-47DC-8920-DB4B10CA2573}.Release|x86.Build.0 = Release|Any CPU
		{39299DD8-9AC8-47DC-8920-DB4B10CA2573}.Release|x86.Deploy.0 = Release|Any CPU
		{1D6523C6-9D1F-4539-8B00-3D2443A91E91}.Ad-Hoc|Any CPU.ActiveCfg = Release|Any CPU
		{1D6523C6-9D1F-4539-8B00-3D2443A91E91}.Ad-Hoc|Any CPU.Build.0 = Release|Any CPU
		{1D6523C6-9D1F-4539-8B00-3D2443A91E91}.Ad-Hoc|ARM.ActiveCfg = Release|Any CPU
		{1D6523C6-9D1F-4539-8B00-3D2443A91E91}.Ad-Hoc|ARM.Build.0 = Release|Any CPU
		{1D6523C6-9D1F-4539-8B00-3D2443A91E91}.Ad-Hoc|iPhone.ActiveCfg = Release|Any CPU
		{1D6523C6-9D1F-4539-8B00-3D2443A91E91}.Ad-Hoc|iPhone.Build.0 = Release|Any CPU
		{1D6523C6-9D1F-4539-8B00-3D2443A91E91}.Ad-Hoc|iPhoneSimulator.ActiveCfg = Release|Any CPU
		{1D6523C6-9D1F-4539-8B00-3D2443A91E91}.Ad-Hoc|iPhoneSimulator.Build.0 = Release|Any CPU
		{1D6523C6-9D1F-4539-8B00-3D2443A91E91}.Ad-Hoc|x64.ActiveCfg = Release|Any CPU
		{1D6523C6-9D1F-4539-8B00-3D2443A91E91}.Ad-Hoc|x64.Build.0 = Release|Any CPU
		{1D6523C6-9D1F-4539-8B00-3D2443A91E91}.Ad-Hoc|x86.ActiveCfg = Release|Any CPU
		{1D6523C6-9D1F-4539-8B00-3D2443A91E91}.Ad-Hoc|x86.Build.0 = Release|Any CPU
		{1D6523C6-9D1F-4539-8B00-3D2443A91E91}.AppStore|Any CPU.ActiveCfg = Release|Any CPU
		{1D6523C6-9D1F-4539-8B00-3D2443A91E91}.AppStore|Any CPU.Build.0 = Release|Any CPU
		{1D6523C6-9D1F-4539-8B00-3D2443A91E91}.AppStore|ARM.ActiveCfg = Release|Any CPU
		{1D6523C6-9D1F-4539-8B00-3D2443A91E91}.AppStore|ARM.Build.0 = Release|Any CPU
		{1D6523C6-9D1F-4539-8B00-3D2443A91E91}.AppStore|iPhone.ActiveCfg = Release|Any CPU
		{1D6523C6-9D1F-4539-8B00-3D2443A91E91}.AppStore|iPhone.Build.0 = Release|Any CPU
		{1D6523C6-9D1F-4539-8B00-3D2443A91E91}.AppStore|iPhoneSimulator.ActiveCfg = Release|Any CPU
		{1D6523C6-9D1F-4539-8B00-3D2443A91E91}.AppStore|iPhoneSimulator.Build.0 = Release|Any CPU
		{1D6523C6-9D1F-4539-8B00-3D2443A91E91}.AppStore|x64.ActiveCfg = Release|Any CPU
		{1D6523C6-9D1F-4539-8B00-3D2443A91E91}.AppStore|x64.Build.0 = Release|Any CPU
		{1D6523C6-9D1F-4539-8B00-3D2443A91E91}.AppStore|x86.ActiveCfg = Release|Any CPU
		{1D6523C6-9D1F-4539-8B00-3D2443A91E91}.AppStore|x86.Build.0 = Release|Any CPU
		{1D6523C6-9D1F-4539-8B00-3D2443A91E91}.Debug|Any CPU.ActiveCfg = Debug|Any CPU
		{1D6523C6-9D1F-4539-8B00-3D2443A91E91}.Debug|Any CPU.Build.0 = Debug|Any CPU
		{1D6523C6-9D1F-4539-8B00-3D2443A91E91}.Debug|ARM.ActiveCfg = Debug|Any CPU
		{1D6523C6-9D1F-4539-8B00-3D2443A91E91}.Debug|ARM.Build.0 = Debug|Any CPU
		{1D6523C6-9D1F-4539-8B00-3D2443A91E91}.Debug|iPhone.ActiveCfg = Debug|Any CPU
		{1D6523C6-9D1F-4539-8B00-3D2443A91E91}.Debug|iPhone.Build.0 = Debug|Any CPU
		{1D6523C6-9D1F-4539-8B00-3D2443A91E91}.Debug|iPhoneSimulator.ActiveCfg = Debug|Any CPU
		{1D6523C6-9D1F-4539-8B00-3D2443A91E91}.Debug|iPhoneSimulator.Build.0 = Debug|Any CPU
		{1D6523C6-9D1F-4539-8B00-3D2443A91E91}.Debug|x64.ActiveCfg = Debug|Any CPU
		{1D6523C6-9D1F-4539-8B00-3D2443A91E91}.Debug|x64.Build.0 = Debug|Any CPU
		{1D6523C6-9D1F-4539-8B00-3D2443A91E91}.Debug|x86.ActiveCfg = Debug|Any CPU
		{1D6523C6-9D1F-4539-8B00-3D2443A91E91}.Debug|x86.Build.0 = Debug|Any CPU
		{1D6523C6-9D1F-4539-8B00-3D2443A91E91}.Release|Any CPU.ActiveCfg = Release|Any CPU
		{1D6523C6-9D1F-4539-8B00-3D2443A91E91}.Release|Any CPU.Build.0 = Release|Any CPU
		{1D6523C6-9D1F-4539-8B00-3D2443A91E91}.Release|ARM.ActiveCfg = Release|Any CPU
		{1D6523C6-9D1F-4539-8B00-3D2443A91E91}.Release|ARM.Build.0 = Release|Any CPU
		{1D6523C6-9D1F-4539-8B00-3D2443A91E91}.Release|iPhone.ActiveCfg = Release|Any CPU
		{1D6523C6-9D1F-4539-8B00-3D2443A91E91}.Release|iPhone.Build.0 = Release|Any CPU
		{1D6523C6-9D1F-4539-8B00-3D2443A91E91}.Release|iPhoneSimulator.ActiveCfg = Release|Any CPU
		{1D6523C6-9D1F-4539-8B00-3D2443A91E91}.Release|iPhoneSimulator.Build.0 = Release|Any CPU
		{1D6523C6-9D1F-4539-8B00-3D2443A91E91}.Release|x64.ActiveCfg = Release|Any CPU
		{1D6523C6-9D1F-4539-8B00-3D2443A91E91}.Release|x64.Build.0 = Release|Any CPU
		{1D6523C6-9D1F-4539-8B00-3D2443A91E91}.Release|x86.ActiveCfg = Release|Any CPU
		{1D6523C6-9D1F-4539-8B00-3D2443A91E91}.Release|x86.Build.0 = Release|Any CPU
		{6A712B25-3ECC-4215-978B-BCC251122701}.Ad-Hoc|Any CPU.ActiveCfg = Release|x86
		{6A712B25-3ECC-4215-978B-BCC251122701}.Ad-Hoc|Any CPU.Build.0 = Release|x86
		{6A712B25-3ECC-4215-978B-BCC251122701}.Ad-Hoc|Any CPU.Deploy.0 = Release|x86
		{6A712B25-3ECC-4215-978B-BCC251122701}.Ad-Hoc|ARM.ActiveCfg = Release|ARM
		{6A712B25-3ECC-4215-978B-BCC251122701}.Ad-Hoc|ARM.Build.0 = Release|ARM
		{6A712B25-3ECC-4215-978B-BCC251122701}.Ad-Hoc|ARM.Deploy.0 = Release|ARM
		{6A712B25-3ECC-4215-978B-BCC251122701}.Ad-Hoc|iPhone.ActiveCfg = Release|x86
		{6A712B25-3ECC-4215-978B-BCC251122701}.Ad-Hoc|iPhone.Build.0 = Release|x86
		{6A712B25-3ECC-4215-978B-BCC251122701}.Ad-Hoc|iPhone.Deploy.0 = Release|x86
		{6A712B25-3ECC-4215-978B-BCC251122701}.Ad-Hoc|iPhoneSimulator.ActiveCfg = Release|x86
		{6A712B25-3ECC-4215-978B-BCC251122701}.Ad-Hoc|iPhoneSimulator.Build.0 = Release|x86
		{6A712B25-3ECC-4215-978B-BCC251122701}.Ad-Hoc|iPhoneSimulator.Deploy.0 = Release|x86
		{6A712B25-3ECC-4215-978B-BCC251122701}.Ad-Hoc|x64.ActiveCfg = Release|x64
		{6A712B25-3ECC-4215-978B-BCC251122701}.Ad-Hoc|x64.Build.0 = Release|x64
		{6A712B25-3ECC-4215-978B-BCC251122701}.Ad-Hoc|x64.Deploy.0 = Release|x64
		{6A712B25-3ECC-4215-978B-BCC251122701}.Ad-Hoc|x86.ActiveCfg = Release|x86
		{6A712B25-3ECC-4215-978B-BCC251122701}.Ad-Hoc|x86.Build.0 = Release|x86
		{6A712B25-3ECC-4215-978B-BCC251122701}.Ad-Hoc|x86.Deploy.0 = Release|x86
		{6A712B25-3ECC-4215-978B-BCC251122701}.AppStore|Any CPU.ActiveCfg = Release|x86
		{6A712B25-3ECC-4215-978B-BCC251122701}.AppStore|Any CPU.Build.0 = Release|x86
		{6A712B25-3ECC-4215-978B-BCC251122701}.AppStore|Any CPU.Deploy.0 = Release|x86
		{6A712B25-3ECC-4215-978B-BCC251122701}.AppStore|ARM.ActiveCfg = Release|ARM
		{6A712B25-3ECC-4215-978B-BCC251122701}.AppStore|ARM.Build.0 = Release|ARM
		{6A712B25-3ECC-4215-978B-BCC251122701}.AppStore|ARM.Deploy.0 = Release|ARM
		{6A712B25-3ECC-4215-978B-BCC251122701}.AppStore|iPhone.ActiveCfg = Release|x86
		{6A712B25-3ECC-4215-978B-BCC251122701}.AppStore|iPhone.Build.0 = Release|x86
		{6A712B25-3ECC-4215-978B-BCC251122701}.AppStore|iPhone.Deploy.0 = Release|x86
		{6A712B25-3ECC-4215-978B-BCC251122701}.AppStore|iPhoneSimulator.ActiveCfg = Release|x86
		{6A712B25-3ECC-4215-978B-BCC251122701}.AppStore|iPhoneSimulator.Build.0 = Release|x86
		{6A712B25-3ECC-4215-978B-BCC251122701}.AppStore|iPhoneSimulator.Deploy.0 = Release|x86
		{6A712B25-3ECC-4215-978B-BCC251122701}.AppStore|x64.ActiveCfg = Release|x64
		{6A712B25-3ECC-4215-978B-BCC251122701}.AppStore|x64.Build.0 = Release|x64
		{6A712B25-3ECC-4215-978B-BCC251122701}.AppStore|x64.Deploy.0 = Release|x64
		{6A712B25-3ECC-4215-978B-BCC251122701}.AppStore|x86.ActiveCfg = Release|x86
		{6A712B25-3ECC-4215-978B-BCC251122701}.AppStore|x86.Build.0 = Release|x86
		{6A712B25-3ECC-4215-978B-BCC251122701}.AppStore|x86.Deploy.0 = Release|x86
		{6A712B25-3ECC-4215-978B-BCC251122701}.Debug|Any CPU.ActiveCfg = Debug|x86
		{6A712B25-3ECC-4215-978B-BCC251122701}.Debug|ARM.ActiveCfg = Debug|ARM
		{6A712B25-3ECC-4215-978B-BCC251122701}.Debug|ARM.Build.0 = Debug|ARM
		{6A712B25-3ECC-4215-978B-BCC251122701}.Debug|ARM.Deploy.0 = Debug|ARM
		{6A712B25-3ECC-4215-978B-BCC251122701}.Debug|iPhone.ActiveCfg = Debug|x86
		{6A712B25-3ECC-4215-978B-BCC251122701}.Debug|iPhoneSimulator.ActiveCfg = Debug|x86
		{6A712B25-3ECC-4215-978B-BCC251122701}.Debug|x64.ActiveCfg = Debug|x64
		{6A712B25-3ECC-4215-978B-BCC251122701}.Debug|x64.Build.0 = Debug|x64
		{6A712B25-3ECC-4215-978B-BCC251122701}.Debug|x64.Deploy.0 = Debug|x64
		{6A712B25-3ECC-4215-978B-BCC251122701}.Debug|x86.ActiveCfg = Debug|x86
		{6A712B25-3ECC-4215-978B-BCC251122701}.Debug|x86.Build.0 = Debug|x86
		{6A712B25-3ECC-4215-978B-BCC251122701}.Debug|x86.Deploy.0 = Debug|x86
		{6A712B25-3ECC-4215-978B-BCC251122701}.Release|Any CPU.ActiveCfg = Release|x86
		{6A712B25-3ECC-4215-978B-BCC251122701}.Release|ARM.ActiveCfg = Release|ARM
		{6A712B25-3ECC-4215-978B-BCC251122701}.Release|ARM.Build.0 = Release|ARM
		{6A712B25-3ECC-4215-978B-BCC251122701}.Release|ARM.Deploy.0 = Release|ARM
		{6A712B25-3ECC-4215-978B-BCC251122701}.Release|iPhone.ActiveCfg = Release|x86
		{6A712B25-3ECC-4215-978B-BCC251122701}.Release|iPhoneSimulator.ActiveCfg = Release|x86
		{6A712B25-3ECC-4215-978B-BCC251122701}.Release|x64.ActiveCfg = Release|x64
		{6A712B25-3ECC-4215-978B-BCC251122701}.Release|x64.Build.0 = Release|x64
		{6A712B25-3ECC-4215-978B-BCC251122701}.Release|x64.Deploy.0 = Release|x64
		{6A712B25-3ECC-4215-978B-BCC251122701}.Release|x86.ActiveCfg = Release|x86
		{6A712B25-3ECC-4215-978B-BCC251122701}.Release|x86.Build.0 = Release|x86
		{6A712B25-3ECC-4215-978B-BCC251122701}.Release|x86.Deploy.0 = Release|x86
		{2277DDCE-C409-4E7A-80C4-60E0EB4CADAE}.Ad-Hoc|Any CPU.ActiveCfg = Ad-Hoc|iPhone
		{2277DDCE-C409-4E7A-80C4-60E0EB4CADAE}.Ad-Hoc|ARM.ActiveCfg = Ad-Hoc|iPhone
		{2277DDCE-C409-4E7A-80C4-60E0EB4CADAE}.Ad-Hoc|iPhone.ActiveCfg = Ad-Hoc|iPhone
		{2277DDCE-C409-4E7A-80C4-60E0EB4CADAE}.Ad-Hoc|iPhone.Build.0 = Ad-Hoc|iPhone
		{2277DDCE-C409-4E7A-80C4-60E0EB4CADAE}.Ad-Hoc|iPhoneSimulator.ActiveCfg = Ad-Hoc|iPhoneSimulator
		{2277DDCE-C409-4E7A-80C4-60E0EB4CADAE}.Ad-Hoc|iPhoneSimulator.Build.0 = Ad-Hoc|iPhoneSimulator
		{2277DDCE-C409-4E7A-80C4-60E0EB4CADAE}.Ad-Hoc|x64.ActiveCfg = Ad-Hoc|iPhone
		{2277DDCE-C409-4E7A-80C4-60E0EB4CADAE}.Ad-Hoc|x86.ActiveCfg = Ad-Hoc|iPhone
		{2277DDCE-C409-4E7A-80C4-60E0EB4CADAE}.AppStore|Any CPU.ActiveCfg = AppStore|iPhone
		{2277DDCE-C409-4E7A-80C4-60E0EB4CADAE}.AppStore|ARM.ActiveCfg = AppStore|iPhone
		{2277DDCE-C409-4E7A-80C4-60E0EB4CADAE}.AppStore|iPhone.ActiveCfg = AppStore|iPhone
		{2277DDCE-C409-4E7A-80C4-60E0EB4CADAE}.AppStore|iPhone.Build.0 = AppStore|iPhone
		{2277DDCE-C409-4E7A-80C4-60E0EB4CADAE}.AppStore|iPhoneSimulator.ActiveCfg = AppStore|iPhoneSimulator
		{2277DDCE-C409-4E7A-80C4-60E0EB4CADAE}.AppStore|iPhoneSimulator.Build.0 = AppStore|iPhoneSimulator
		{2277DDCE-C409-4E7A-80C4-60E0EB4CADAE}.AppStore|x64.ActiveCfg = AppStore|iPhone
		{2277DDCE-C409-4E7A-80C4-60E0EB4CADAE}.AppStore|x86.ActiveCfg = AppStore|iPhone
		{2277DDCE-C409-4E7A-80C4-60E0EB4CADAE}.Debug|Any CPU.ActiveCfg = Debug|iPhone
		{2277DDCE-C409-4E7A-80C4-60E0EB4CADAE}.Debug|ARM.ActiveCfg = Debug|iPhone
		{2277DDCE-C409-4E7A-80C4-60E0EB4CADAE}.Debug|iPhone.ActiveCfg = Debug|iPhone
		{2277DDCE-C409-4E7A-80C4-60E0EB4CADAE}.Debug|iPhone.Build.0 = Debug|iPhone
		{2277DDCE-C409-4E7A-80C4-60E0EB4CADAE}.Debug|iPhoneSimulator.ActiveCfg = Debug|iPhoneSimulator
		{2277DDCE-C409-4E7A-80C4-60E0EB4CADAE}.Debug|iPhoneSimulator.Build.0 = Debug|iPhoneSimulator
		{2277DDCE-C409-4E7A-80C4-60E0EB4CADAE}.Debug|x64.ActiveCfg = Debug|iPhone
		{2277DDCE-C409-4E7A-80C4-60E0EB4CADAE}.Debug|x86.ActiveCfg = Debug|iPhone
		{2277DDCE-C409-4E7A-80C4-60E0EB4CADAE}.Release|Any CPU.ActiveCfg = Release|iPhone
		{2277DDCE-C409-4E7A-80C4-60E0EB4CADAE}.Release|ARM.ActiveCfg = Release|iPhone
		{2277DDCE-C409-4E7A-80C4-60E0EB4CADAE}.Release|iPhone.ActiveCfg = Release|iPhone
		{2277DDCE-C409-4E7A-80C4-60E0EB4CADAE}.Release|iPhone.Build.0 = Release|iPhone
		{2277DDCE-C409-4E7A-80C4-60E0EB4CADAE}.Release|iPhoneSimulator.ActiveCfg = Release|iPhoneSimulator
		{2277DDCE-C409-4E7A-80C4-60E0EB4CADAE}.Release|iPhoneSimulator.Build.0 = Release|iPhoneSimulator
		{2277DDCE-C409-4E7A-80C4-60E0EB4CADAE}.Release|x64.ActiveCfg = Release|iPhone
		{2277DDCE-C409-4E7A-80C4-60E0EB4CADAE}.Release|x86.ActiveCfg = Release|iPhone
	EndGlobalSection
	GlobalSection(SolutionProperties) = preSolution
		HideSolutionNode = FALSE
	EndGlobalSection
EndGlobal
